
Microsoft Visual Studio Solution File, Format Version 12.00
# Visual Studio Version 17
VisualStudioVersion = 17.10.35004.147
MinimumVisualStudioVersion = 10.0.40219.1
Project("{FAE04EC0-301F-11D3-BF4B-00C04F79EFBC}") = "ConvenienceStoreInventoryApp", "ConvenienceStoreInventoryApp\ConvenienceStoreInventoryApp.csproj", "{A373F851-CEC5-4B70-A8F1-800BE8780C8D}"
EndProject
Global
	GlobalSection(SolutionConfigurationPlatforms) = preSolution
		Debug|Any CPU = Debug|Any CPU
		Release|Any CPU = Release|Any CPU
	EndGlobalSection
	GlobalSection(ProjectConfigurationPlatforms) = postSolution
		{A373F851-CEC5-4B70-A8F1-800BE8780C8D}.Debug|Any CPU.ActiveCfg = Debug|Any CPU
		{A373F851-CEC5-4B70-A8F1-800BE8780C8D}.Debug|Any CPU.Build.0 = Debug|Any CPU
		{A373F851-CEC5-4B70-A8F1-800BE8780C8D}.Release|Any CPU.ActiveCfg = Release|Any CPU
		{A373F851-CEC5-4B70-A8F1-800BE8780C8D}.Release|Any CPU.Build.0 = Release|Any CPU
	EndGlobalSection
	GlobalSection(SolutionProperties) = preSolution
		HideSolutionNode = FALSE
	EndGlobalSection
	GlobalSection(ExtensibilityGlobals) = postSolution
		SolutionGuid = {42F622B5-8205-497F-813E-F678A8C70252}
	EndGlobalSection
EndGlobal
